// !$*UTF8*$!
{
	archiveVersion = 1;
	classes = {
	};
	objectVersion = 56;
	objects = {

/* Begin PBXBuildFile section */
		8FD2DBD22BAE4EF700CB6099 /* AppDelegate.swift in Sources */ = {isa = PBXBuildFile; fileRef = 8FD2DBD12BAE4EF700CB6099 /* AppDelegate.swift */; };
		8FD2DBD42BAE4EF700CB6099 /* SceneDelegate.swift in Sources */ = {isa = PBXBuildFile; fileRef = 8FD2DBD32BAE4EF700CB6099 /* SceneDelegate.swift */; };
		8FD2DBD62BAE4EF700CB6099 /* ViewController.swift in Sources */ = {isa = PBXBuildFile; fileRef = 8FD2DBD52BAE4EF700CB6099 /* ViewController.swift */; };
		8FD2DBD92BAE4EF700CB6099 /* Base in Resources */ = {isa = PBXBuildFile; fileRef = 8FD2DBD82BAE4EF700CB6099 /* Base */; };
		8FD2DBDB2BAE4EF900CB6099 /* Assets.xcassets in Resources */ = {isa = PBXBuildFile; fileRef = 8FD2DBDA2BAE4EF900CB6099 /* Assets.xcassets */; };
		8FD2DBDE2BAE4EF900CB6099 /* Base in Resources */ = {isa = PBXBuildFile; fileRef = 8FD2DBDD2BAE4EF900CB6099 /* Base */; };
		8FD2DBE92BAE4EFA00CB6099 /* QR_Code_ScannerTests.swift in Sources */ = {isa = PBXBuildFile; fileRef = 8FD2DBE82BAE4EFA00CB6099 /* QR_Code_ScannerTests.swift */; };
		8FD2DBF32BAE4EFA00CB6099 /* QR_Code_ScannerUITests.swift in Sources */ = {isa = PBXBuildFile; fileRef = 8FD2DBF22BAE4EFA00CB6099 /* QR_Code_ScannerUITests.swift */; };
		8FD2DBF52BAE4EFA00CB6099 /* QR_Code_ScannerUITestsLaunchTests.swift in Sources */ = {isa = PBXBuildFile; fileRef = 8FD2DBF42BAE4EFA00CB6099 /* QR_Code_ScannerUITestsLaunchTests.swift */; };
/* End PBXBuildFile section */

/* Begin PBXContainerItemProxy section */
		8FD2DBE52BAE4EFA00CB6099 /* PBXContainerItemProxy */ = {
			isa = PBXContainerItemProxy;
			containerPortal = 8FD2DBC62BAE4EF700CB6099 /* Project object */;
			proxyType = 1;
			remoteGlobalIDString = 8FD2DBCD2BAE4EF700CB6099;
			remoteInfo = "QR Code Scanner";
		};
		8FD2DBEF2BAE4EFA00CB6099 /* PBXContainerItemProxy */ = {
			isa = PBXContainerItemProxy;
			containerPortal = 8FD2DBC62BAE4EF700CB6099 /* Project object */;
			proxyType = 1;
			remoteGlobalIDString = 8FD2DBCD2BAE4EF700CB6099;
			remoteInfo = "QR Code Scanner";
		};
/* End PBXContainerItemProxy section */

/* Begin PBXFileReference section */
		8FD2DBCE2BAE4EF700CB6099 /* QR Code Scanner.app */ = {isa = PBXFileReference; explicitFileType = wrapper.application; includeInIndex = 0; path = "QR Code Scanner.app"; sourceTree = BUILT_PRODUCTS_DIR; };
		8FD2DBD12BAE4EF700CB6099 /* AppDelegate.swift */ = {isa = PBXFileReference; lastKnownFileType = sourcecode.swift; path = AppDelegate.swift; sourceTree = "<group>"; };
		8FD2DBD32BAE4EF700CB6099 /* SceneDelegate.swift */ = {isa = PBXFileReference; lastKnownFileType = sourcecode.swift; path = SceneDelegate.swift; sourceTree = "<group>"; };
		8FD2DBD52BAE4EF700CB6099 /* ViewController.swift */ = {isa = PBXFileReference; lastKnownFileType = sourcecode.swift; path = ViewController.swift; sourceTree = "<group>"; };
		8FD2DBD82BAE4EF700CB6099 /* Base */ = {isa = PBXFileReference; lastKnownFileType = file.storyboard; name = Base; path = Base.lproj/Main.storyboard; sourceTree = "<group>"; };
		8FD2DBDA2BAE4EF900CB6099 /* Assets.xcassets */ = {isa = PBXFileReference; lastKnownFileType = folder.assetcatalog; path = Assets.xcassets; sourceTree = "<group>"; };
		8FD2DBDD2BAE4EF900CB6099 /* Base */ = {isa = PBXFileReference; lastKnownFileType = file.storyboard; name = Base; path = Base.lproj/LaunchScreen.storyboard; sourceTree = "<group>"; };
		8FD2DBDF2BAE4EF900CB6099 /* Info.plist */ = {isa = PBXFileReference; lastKnownFileType = text.plist.xml; path = Info.plist; sourceTree = "<group>"; };
		8FD2DBE42BAE4EFA00CB6099 /* QR Code ScannerTests.xctest */ = {isa = PBXFileReference; explicitFileType = wrapper.cfbundle; includeInIndex = 0; path = "QR Code ScannerTests.xctest"; sourceTree = BUILT_PRODUCTS_DIR; };
		8FD2DBE82BAE4EFA00CB6099 /* QR_Code_ScannerTests.swift */ = {isa = PBXFileReference; lastKnownFileType = sourcecode.swift; path = QR_Code_ScannerTests.swift; sourceTree = "<group>"; };
		8FD2DBEE2BAE4EFA00CB6099 /* QR Code ScannerUITests.xctest */ = {isa = PBXFileReference; explicitFileType = wrapper.cfbundle; includeInIndex = 0; path = "QR Code ScannerUITests.xctest"; sourceTree = BUILT_PRODUCTS_DIR; };
		8FD2DBF22BAE4EFA00CB6099 /* QR_Code_ScannerUITests.swift */ = {isa = PBXFileReference; lastKnownFileType = sourcecode.swift; path = QR_Code_ScannerUITests.swift; sourceTree = "<group>"; };
		8FD2DBF42BAE4EFA00CB6099 /* QR_Code_ScannerUITestsLaunchTests.swift */ = {isa = PBXFileReference; lastKnownFileType = sourcecode.swift; path = QR_Code_ScannerUITestsLaunchTests.swift; sourceTree = "<group>"; };
/* End PBXFileReference section */

/* Begin PBXFrameworksBuildPhase section */
		8FD2DBCB2BAE4EF700CB6099 /* Frameworks */ = {
			isa = PBXFrameworksBuildPhase;
			buildActionMask = 2147483647;
			files = (
			);
			runOnlyForDeploymentPostprocessing = 0;
		};
		8FD2DBE12BAE4EFA00CB6099 /* Frameworks */ = {
			isa = PBXFrameworksBuildPhase;
			buildActionMask = 2147483647;
			files = (
			);
			runOnlyForDeploymentPostprocessing = 0;
		};
		8FD2DBEB2BAE4EFA00CB6099 /* Frameworks */ = {
			isa = PBXFrameworksBuildPhase;
			buildActionMask = 2147483647;
			files = (
			);
			runOnlyForDeploymentPostprocessing = 0;
		};
/* End PBXFrameworksBuildPhase section */

/* Begin PBXGroup section */
		8FD2DBC52BAE4EF700CB6099 = {
			isa = PBXGroup;
			children = (
				8FD2DBD02BAE4EF700CB6099 /* QR Code Scanner */,
				8FD2DBE72BAE4EFA00CB6099 /* QR Code ScannerTests */,
				8FD2DBF12BAE4EFA00CB6099 /* QR Code ScannerUITests */,
				8FD2DBCF2BAE4EF700CB6099 /* Products */,
			);
			sourceTree = "<group>";
		};
		8FD2DBCF2BAE4EF700CB6099 /* Products */ = {
			isa = PBXGroup;
			children = (
				8FD2DBCE2BAE4EF700CB6099 /* QR Code Scanner.app */,
				8FD2DBE42BAE4EFA00CB6099 /* QR Code ScannerTests.xctest */,
				8FD2DBEE2BAE4EFA00CB6099 /* QR Code ScannerUITests.xctest */,
			);
			name = Products;
			sourceTree = "<group>";
		};
		8FD2DBD02BAE4EF700CB6099 /* QR Code Scanner */ = {
			isa = PBXGroup;
			children = (
				8FD2DBD12BAE4EF700CB6099 /* AppDelegate.swift */,
				8FD2DBD32BAE4EF700CB6099 /* SceneDelegate.swift */,
				8FD2DBD52BAE4EF700CB6099 /* ViewController.swift */,
				8FD2DBD72BAE4EF700CB6099 /* Main.storyboard */,
				8FD2DBDA2BAE4EF900CB6099 /* Assets.xcassets */,
				8FD2DBDC2BAE4EF900CB6099 /* LaunchScreen.storyboard */,
				8FD2DBDF2BAE4EF900CB6099 /* Info.plist */,
			);
			path = "QR Code Scanner";
			sourceTree = "<group>";
		};
		8FD2DBE72BAE4EFA00CB6099 /* QR Code ScannerTests */ = {
			isa = PBXGroup;
			children = (
				8FD2DBE82BAE4EFA00CB6099 /* QR_Code_ScannerTests.swift */,
			);
			path = "QR Code ScannerTests";
			sourceTree = "<group>";
		};
		8FD2DBF12BAE4EFA00CB6099 /* QR Code ScannerUITests */ = {
			isa = PBXGroup;
			children = (
				8FD2DBF22BAE4EFA00CB6099 /* QR_Code_ScannerUITests.swift */,
				8FD2DBF42BAE4EFA00CB6099 /* QR_Code_ScannerUITestsLaunchTests.swift */,
			);
			path = "QR Code ScannerUITests";
			sourceTree = "<group>";
		};
/* End PBXGroup section */

/* Begin PBXNativeTarget section */
		8FD2DBCD2BAE4EF700CB6099 /* QR Code Scanner */ = {
			isa = PBXNativeTarget;
			buildConfigurationList = 8FD2DBF82BAE4EFA00CB6099 /* Build configuration list for PBXNativeTarget "QR Code Scanner" */;
			buildPhases = (
				8FD2DBCA2BAE4EF700CB6099 /* Sources */,
				8FD2DBCB2BAE4EF700CB6099 /* Frameworks */,
				8FD2DBCC2BAE4EF700CB6099 /* Resources */,
			);
			buildRules = (
			);
			dependencies = (
			);
			name = "QR Code Scanner";
			productName = "QR Code Scanner";
			productReference = 8FD2DBCE2BAE4EF700CB6099 /* QR Code Scanner.app */;
			productType = "com.apple.product-type.application";
		};
		8FD2DBE32BAE4EFA00CB6099 /* QR Code ScannerTests */ = {
			isa = PBXNativeTarget;
			buildConfigurationList = 8FD2DBFB2BAE4EFA00CB6099 /* Build configuration list for PBXNativeTarget "QR Code ScannerTests" */;
			buildPhases = (
				8FD2DBE02BAE4EFA00CB6099 /* Sources */,
				8FD2DBE12BAE4EFA00CB6099 /* Frameworks */,
				8FD2DBE22BAE4EFA00CB6099 /* Resources */,
			);
			buildRules = (
			);
			dependencies = (
				8FD2DBE62BAE4EFA00CB6099 /* PBXTargetDependency */,
			);
			name = "QR Code ScannerTests";
			productName = "QR Code ScannerTests";
			productReference = 8FD2DBE42BAE4EFA00CB6099 /* QR Code ScannerTests.xctest */;
			productType = "com.apple.product-type.bundle.unit-test";
		};
		8FD2DBED2BAE4EFA00CB6099 /* QR Code ScannerUITests */ = {
			isa = PBXNativeTarget;
			buildConfigurationList = 8FD2DBFE2BAE4EFA00CB6099 /* Build configuration list for PBXNativeTarget "QR Code ScannerUITests" */;
			buildPhases = (
				8FD2DBEA2BAE4EFA00CB6099 /* Sources */,
				8FD2DBEB2BAE4EFA00CB6099 /* Frameworks */,
				8FD2DBEC2BAE4EFA00CB6099 /* Resources */,
			);
			buildRules = (
			);
			dependencies = (
				8FD2DBF02BAE4EFA00CB6099 /* PBXTargetDependency */,
			);
			name = "QR Code ScannerUITests";
			productName = "QR Code ScannerUITests";
			productReference = 8FD2DBEE2BAE4EFA00CB6099 /* QR Code ScannerUITests.xctest */;
			productType = "com.apple.product-type.bundle.ui-testing";
		};
/* End PBXNativeTarget section */

/* Begin PBXProject section */
		8FD2DBC62BAE4EF700CB6099 /* Project object */ = {
			isa = PBXProject;
			attributes = {
				BuildIndependentTargetsInParallel = 1;
				LastSwiftUpdateCheck = 1530;
				LastUpgradeCheck = 1530;
				TargetAttributes = {
					8FD2DBCD2BAE4EF700CB6099 = {
						CreatedOnToolsVersion = 15.3;
					};
					8FD2DBE32BAE4EFA00CB6099 = {
						CreatedOnToolsVersion = 15.3;
						TestTargetID = 8FD2DBCD2BAE4EF700CB6099;
					};
					8FD2DBED2BAE4EFA00CB6099 = {
						CreatedOnToolsVersion = 15.3;
						TestTargetID = 8FD2DBCD2BAE4EF700CB6099;
					};
				};
			};
			buildConfigurationList = 8FD2DBC92BAE4EF700CB6099 /* Build configuration list for PBXProject "QR Code Scanner" */;
			compatibilityVersion = "Xcode 14.0";
			developmentRegion = en;
			hasScannedForEncodings = 0;
			knownRegions = (
				en,
				Base,
			);
			mainGroup = 8FD2DBC52BAE4EF700CB6099;
			productRefGroup = 8FD2DBCF2BAE4EF700CB6099 /* Products */;
			projectDirPath = "";
			projectRoot = "";
			targets = (
				8FD2DBCD2BAE4EF700CB6099 /* QR Code Scanner */,
				8FD2DBE32BAE4EFA00CB6099 /* QR Code ScannerTests */,
				8FD2DBED2BAE4EFA00CB6099 /* QR Code ScannerUITests */,
			);
		};
/* End PBXProject section */

/* Begin PBXResourcesBuildPhase section */
		8FD2DBCC2BAE4EF700CB6099 /* Resources */ = {
			isa = PBXResourcesBuildPhase;
			buildActionMask = 2147483647;
			files = (
				8FD2DBDB2BAE4EF900CB6099 /* Assets.xcassets in Resources */,
				8FD2DBDE2BAE4EF900CB6099 /* Base in Resources */,
				8FD2DBD92BAE4EF700CB6099 /* Base in Resources */,
			);
			runOnlyForDeploymentPostprocessing = 0;
		};
		8FD2DBE22BAE4EFA00CB6099 /* Resources */ = {
			isa = PBXResourcesBuildPhase;
			buildActionMask = 2147483647;
			files = (
			);
			runOnlyForDeploymentPostprocessing = 0;
		};
		8FD2DBEC2BAE4EFA00CB6099 /* Resources */ = {
			isa = PBXResourcesBuildPhase;
			buildActionMask = 2147483647;
			files = (
			);
			runOnlyForDeploymentPostprocessing = 0;
		};
/* End PBXResourcesBuildPhase section */

/* Begin PBXSourcesBuildPhase section */
		8FD2DBCA2BAE4EF700CB6099 /* Sources */ = {
			isa = PBXSourcesBuildPhase;
			buildActionMask = 2147483647;
			files = (
				8FD2DBD62BAE4EF700CB6099 /* ViewController.swift in Sources */,
				8FD2DBD22BAE4EF700CB6099 /* AppDelegate.swift in Sources */,
				8FD2DBD42BAE4EF700CB6099 /* SceneDelegate.swift in Sources */,
			);
			runOnlyForDeploymentPostprocessing = 0;
		};
		8FD2DBE02BAE4EFA00CB6099 /* Sources */ = {
			isa = PBXSourcesBuildPhase;
			buildActionMask = 2147483647;
			files = (
				8FD2DBE92BAE4EFA00CB6099 /* QR_Code_ScannerTests.swift in Sources */,
			);
			runOnlyForDeploymentPostprocessing = 0;
		};
		8FD2DBEA2BAE4EFA00CB6099 /* Sources */ = {
			isa = PBXSourcesBuildPhase;
			buildActionMask = 2147483647;
			files = (
				8FD2DBF32BAE4EFA00CB6099 /* QR_Code_ScannerUITests.swift in Sources */,
				8FD2DBF52BAE4EFA00CB6099 /* QR_Code_ScannerUITestsLaunchTests.swift in Sources */,
			);
			runOnlyForDeploymentPostprocessing = 0;
		};
/* End PBXSourcesBuildPhase section */

/* Begin PBXTargetDependency section */
		8FD2DBE62BAE4EFA00CB6099 /* PBXTargetDependency */ = {
			isa = PBXTargetDependency;
			target = 8FD2DBCD2BAE4EF700CB6099 /* QR Code Scanner */;
			targetProxy = 8FD2DBE52BAE4EFA00CB6099 /* PBXContainerItemProxy */;
		};
		8FD2DBF02BAE4EFA00CB6099 /* PBXTargetDependency */ = {
			isa = PBXTargetDependency;
			target = 8FD2DBCD2BAE4EF700CB6099 /* QR Code Scanner */;
			targetProxy = 8FD2DBEF2BAE4EFA00CB6099 /* PBXContainerItemProxy */;
		};
/* End PBXTargetDependency section */

/* Begin PBXVariantGroup section */
		8FD2DBD72BAE4EF700CB6099 /* Main.storyboard */ = {
			isa = PBXVariantGroup;
			children = (
				8FD2DBD82BAE4EF700CB6099 /* Base */,
			);
			name = Main.storyboard;
			sourceTree = "<group>";
		};
		8FD2DBDC2BAE4EF900CB6099 /* LaunchScreen.storyboard */ = {
			isa = PBXVariantGroup;
			children = (
				8FD2DBDD2BAE4EF900CB6099 /* Base */,
			);
			name = LaunchScreen.storyboard;
			sourceTree = "<group>";
		};
/* End PBXVariantGroup section */

/* Begin XCBuildConfiguration section */
		8FD2DBF62BAE4EFA00CB6099 /* Debug */ = {
			isa = XCBuildConfiguration;
			buildSettings = {
				ALWAYS_SEARCH_USER_PATHS = NO;
				ASSETCATALOG_COMPILER_GENERATE_SWIFT_ASSET_SYMBOL_EXTENSIONS = YES;
				CLANG_ANALYZER_NONNULL = YES;
				CLANG_ANALYZER_NUMBER_OBJECT_CONVERSION = YES_AGGRESSIVE;
				CLANG_CXX_LANGUAGE_STANDARD = "gnu++20";
				CLANG_ENABLE_MODULES = YES;
				CLANG_ENABLE_OBJC_ARC = YES;
				CLANG_ENABLE_OBJC_WEAK = YES;
				CLANG_WARN_BLOCK_CAPTURE_AUTORELEASING = YES;
				CLANG_WARN_BOOL_CONVERSION = YES;
				CLANG_WARN_COMMA = YES;
				CLANG_WARN_CONSTANT_CONVERSION = YES;
				CLANG_WARN_DEPRECATED_OBJC_IMPLEMENTATIONS = YES;
				CLANG_WARN_DIRECT_OBJC_ISA_USAGE = YES_ERROR;
				CLANG_WARN_DOCUMENTATION_COMMENTS = YES;
				CLANG_WARN_EMPTY_BODY = YES;
				CLANG_WARN_ENUM_CONVERSION = YES;
				CLANG_WARN_INFINITE_RECURSION = YES;
				CLANG_WARN_INT_CONVERSION = YES;
				CLANG_WARN_NON_LITERAL_NULL_CONVERSION = YES;
				CLANG_WARN_OBJC_IMPLICIT_RETAIN_SELF = YES;
				CLANG_WARN_OBJC_LITERAL_CONVERSION = YES;
				CLANG_WARN_OBJC_ROOT_CLASS = YES_ERROR;
				CLANG_WARN_QUOTED_INCLUDE_IN_FRAMEWORK_HEADER = YES;
				CLANG_WARN_RANGE_LOOP_ANALYSIS = YES;
				CLANG_WARN_STRICT_PROTOTYPES = YES;
				CLANG_WARN_SUSPICIOUS_MOVE = YES;
				CLANG_WARN_UNGUARDED_AVAILABILITY = YES_AGGRESSIVE;
				CLANG_WARN_UNREACHABLE_CODE = YES;
				CLANG_WARN__DUPLICATE_METHOD_MATCH = YES;
				COPY_PHASE_STRIP = NO;
				DEBUG_INFORMATION_FORMAT = dwarf;
				ENABLE_STRICT_OBJC_MSGSEND = YES;
				ENABLE_TESTABILITY = YES;
				ENABLE_USER_SCRIPT_SANDBOXING = YES;
				GCC_C_LANGUAGE_STANDARD = gnu17;
				GCC_DYNAMIC_NO_PIC = NO;
				GCC_NO_COMMON_BLOCKS = YES;
				GCC_OPTIMIZATION_LEVEL = 0;
				GCC_PREPROCESSOR_DEFINITIONS = (
					"DEBUG=1",
					"$(inherited)",
				);
				GCC_WARN_64_TO_32_BIT_CONVERSION = YES;
				GCC_WARN_ABOUT_RETURN_TYPE = YES_ERROR;
				GCC_WARN_UNDECLARED_SELECTOR = YES;
				GCC_WARN_UNINITIALIZED_AUTOS = YES_AGGRESSIVE;
				GCC_WARN_UNUSED_FUNCTION = YES;
				GCC_WARN_UNUSED_VARIABLE = YES;
				IPHONEOS_DEPLOYMENT_TARGET = 17.4;
				LOCALIZATION_PREFERS_STRING_CATALOGS = YES;
				MTL_ENABLE_DEBUG_INFO = INCLUDE_SOURCE;
				MTL_FAST_MATH = YES;
				ONLY_ACTIVE_ARCH = YES;
				SDKROOT = iphoneos;
				SWIFT_ACTIVE_COMPILATION_CONDITIONS = "DEBUG $(inherited)";
				SWIFT_OPTIMIZATION_LEVEL = "-Onone";
			};
			name = Debug;
		};
		8FD2DBF72BAE4EFA00CB6099 /* Release */ = {
			isa = XCBuildConfiguration;
			buildSettings = {
				ALWAYS_SEARCH_USER_PATHS = NO;
				ASSETCATALOG_COMPILER_GENERATE_SWIFT_ASSET_SYMBOL_EXTENSIONS = YES;
				CLANG_ANALYZER_NONNULL = YES;
				CLANG_ANALYZER_NUMBER_OBJECT_CONVERSION = YES_AGGRESSIVE;
				CLANG_CXX_LANGUAGE_STANDARD = "gnu++20";
				CLANG_ENABLE_MODULES = YES;
				CLANG_ENABLE_OBJC_ARC = YES;
				CLANG_ENABLE_OBJC_WEAK = YES;
				CLANG_WARN_BLOCK_CAPTURE_AUTORELEASING = YES;
				CLANG_WARN_BOOL_CONVERSION = YES;
				CLANG_WARN_COMMA = YES;
				CLANG_WARN_CONSTANT_CONVERSION = YES;
				CLANG_WARN_DEPRECATED_OBJC_IMPLEMENTATIONS = YES;
				CLANG_WARN_DIRECT_OBJC_ISA_USAGE = YES_ERROR;
				CLANG_WARN_DOCUMENTATION_COMMENTS = YES;
				CLANG_WARN_EMPTY_BODY = YES;
				CLANG_WARN_ENUM_CONVERSION = YES;
				CLANG_WARN_INFINITE_RECURSION = YES;
				CLANG_WARN_INT_CONVERSION = YES;
				CLANG_WARN_NON_LITERAL_NULL_CONVERSION = YES;
				CLANG_WARN_OBJC_IMPLICIT_RETAIN_SELF = YES;
				CLANG_WARN_OBJC_LITERAL_CONVERSION = YES;
				CLANG_WARN_OBJC_ROOT_CLASS = YES_ERROR;
				CLANG_WARN_QUOTED_INCLUDE_IN_FRAMEWORK_HEADER = YES;
				CLANG_WARN_RANGE_LOOP_ANALYSIS = YES;
				CLANG_WARN_STRICT_PROTOTYPES = YES;
				CLANG_WARN_SUSPICIOUS_MOVE = YES;
				CLANG_WARN_UNGUARDED_AVAILABILITY = YES_AGGRESSIVE;
				CLANG_WARN_UNREACHABLE_CODE = YES;
				CLANG_WARN__DUPLICATE_METHOD_MATCH = YES;
				COPY_PHASE_STRIP = NO;
				DEBUG_INFORMATION_FORMAT = "dwarf-with-dsym";
				ENABLE_NS_ASSERTIONS = NO;
				ENABLE_STRICT_OBJC_MSGSEND = YES;
				ENABLE_USER_SCRIPT_SANDBOXING = YES;
				GCC_C_LANGUAGE_STANDARD = gnu17;
				GCC_NO_COMMON_BLOCKS = YES;
				GCC_WARN_64_TO_32_BIT_CONVERSION = YES;
				GCC_WARN_ABOUT_RETURN_TYPE = YES_ERROR;
				GCC_WARN_UNDECLARED_SELECTOR = YES;
				GCC_WARN_UNINITIALIZED_AUTOS = YES_AGGRESSIVE;
				GCC_WARN_UNUSED_FUNCTION = YES;
				GCC_WARN_UNUSED_VARIABLE = YES;
				IPHONEOS_DEPLOYMENT_TARGET = 17.4;
				LOCALIZATION_PREFERS_STRING_CATALOGS = YES;
				MTL_ENABLE_DEBUG_INFO = NO;
				MTL_FAST_MATH = YES;
				SDKROOT = iphoneos;
				SWIFT_COMPILATION_MODE = wholemodule;
				VALIDATE_PRODUCT = YES;
			};
			name = Release;
		};
		8FD2DBF92BAE4EFA00CB6099 /* Debug */ = {
			isa = XCBuildConfiguration;
			buildSettings = {
				ASSETCATALOG_COMPILER_APPICON_NAME = AppIcon;
				ASSETCATALOG_COMPILER_GLOBAL_ACCENT_COLOR_NAME = AccentColor;
				CODE_SIGN_STYLE = Automatic;
				CURRENT_PROJECT_VERSION = 1;
				DEVELOPMENT_TEAM = 5U46FZG5K9;
				GENERATE_INFOPLIST_FILE = YES;
				INFOPLIST_FILE = "QR Code Scanner/Info.plist";
				INFOPLIST_KEY_NSCameraUsageDescription = "This app would like to use your camre to scan codes and text.";
				INFOPLIST_KEY_UIApplicationSupportsIndirectInputEvents = YES;
				INFOPLIST_KEY_UILaunchStoryboardName = LaunchScreen;
				INFOPLIST_KEY_UIMainStoryboardFile = Main;
				INFOPLIST_KEY_UISupportedInterfaceOrientations_iPad = "UIInterfaceOrientationPortrait UIInterfaceOrientationPortraitUpsideDown UIInterfaceOrientationLandscapeLeft UIInterfaceOrientationLandscapeRight";
				INFOPLIST_KEY_UISupportedInterfaceOrientations_iPhone = "UIInterfaceOrientationPortrait UIInterfaceOrientationLandscapeLeft UIInterfaceOrientationLandscapeRight";
				LD_RUNPATH_SEARCH_PATHS = (
					"$(inherited)",
					"@executable_path/Frameworks",
				);
				MARKETING_VERSION = 1.0;
				PRODUCT_BUNDLE_IDENTIFIER = "com.gamzeakyuz.QR-Code-Scanner";
				PRODUCT_NAME = "$(TARGET_NAME)";
				SWIFT_EMIT_LOC_STRINGS = YES;
				SWIFT_VERSION = 5.0;
				TARGETED_DEVICE_FAMILY = "1,2";
			};
			name = Debug;
		};
		8FD2DBFA2BAE4EFA00CB6099 /* Release */ = {
			isa = XCBuildConfiguration;
			buildSettings = {
				ASSETCATALOG_COMPILER_APPICON_NAME = AppIcon;
				ASSETCATALOG_COMPILER_GLOBAL_ACCENT_COLOR_NAME = AccentColor;
				CODE_SIGN_STYLE = Automatic;
				CURRENT_PROJECT_VERSION = 1;
				DEVELOPMENT_TEAM = 5U46FZG5K9;
				GENERATE_INFOPLIST_FILE = YES;
				INFOPLIST_FILE = "QR Code Scanner/Info.plist";
				INFOPLIST_KEY_NSCameraUsageDescription = "This app would like to use your camre to scan codes and text.";
				INFOPLIST_KEY_UIApplicationSupportsIndirectInputEvents = YES;
				INFOPLIST_KEY_UILaunchStoryboardName = LaunchScreen;
				INFOPLIST_KEY_UIMainStoryboardFile = Main;
				INFOPLIST_KEY_UISupportedInterfaceOrientations_iPad = "UIInterfaceOrientationPortrait UIInterfaceOrientationPortraitUpsideDown UIInterfaceOrientationLandscapeLeft UIInterfaceOrientationLandscapeRight";
				INFOPLIST_KEY_UISupportedInterfaceOrientations_iPhone = "UIInterfaceOrientationPortrait UIInterfaceOrientationLandscapeLeft UIInterfaceOrientationLandscapeRight";
				LD_RUNPATH_SEARCH_PATHS = (
					"$(inherited)",
					"@executable_path/Frameworks",
				);
				MARKETING_VERSION = 1.0;
				PRODUCT_BUNDLE_IDENTIFIER = "com.gamzeakyuz.QR-Code-Scanner";
				PRODUCT_NAME = "$(TARGET_NAME)";
				SWIFT_EMIT_LOC_STRINGS = YES;
				SWIFT_VERSION = 5.0;
				TARGETED_DEVICE_FAMILY = "1,2";
			};
			name = Release;
		};
		8FD2DBFC2BAE4EFA00CB6099 /* Debug */ = {
			isa = XCBuildConfiguration;
			buildSettings = {
				ALWAYS_EMBED_SWIFT_STANDARD_LIBRARIES = YES;
				BUNDLE_LOADER = "$(TEST_HOST)";
				CODE_SIGN_STYLE = Automatic;
				CURRENT_PROJECT_VERSION = 1;
				GENERATE_INFOPLIST_FILE = YES;
				IPHONEOS_DEPLOYMENT_TARGET = 17.4;
				MARKETING_VERSION = 1.0;
				PRODUCT_BUNDLE_IDENTIFIER = "com.gamzeakyuz.QR-Code-ScannerTests";
				PRODUCT_NAME = "$(TARGET_NAME)";
				SWIFT_EMIT_LOC_STRINGS = NO;
				SWIFT_VERSION = 5.0;
				TARGETED_DEVICE_FAMILY = "1,2";
				TEST_HOST = "$(BUILT_PRODUCTS_DIR)/QR Code Scanner.app/$(BUNDLE_EXECUTABLE_FOLDER_PATH)/QR Code Scanner";
			};
			name = Debug;
		};
		8FD2DBFD2BAE4EFA00CB6099 /* Release */ = {
			isa = XCBuildConfiguration;
			buildSettings = {
				ALWAYS_EMBED_SWIFT_STANDARD_LIBRARIES = YES;
				BUNDLE_LOADER = "$(TEST_HOST)";
				CODE_SIGN_STYLE = Automatic;
				CURRENT_PROJECT_VERSION = 1;
				GENERATE_INFOPLIST_FILE = YES;
				IPHONEOS_DEPLOYMENT_TARGET = 17.4;
				MARKETING_VERSION = 1.0;
				PRODUCT_BUNDLE_IDENTIFIER = "com.gamzeakyuz.QR-Code-ScannerTests";
				PRODUCT_NAME = "$(TARGET_NAME)";
				SWIFT_EMIT_LOC_STRINGS = NO;
				SWIFT_VERSION = 5.0;
				TARGETED_DEVICE_FAMILY = "1,2";
				TEST_HOST = "$(BUILT_PRODUCTS_DIR)/QR Code Scanner.app/$(BUNDLE_EXECUTABLE_FOLDER_PATH)/QR Code Scanner";
			};
			name = Release;
		};
		8FD2DBFF2BAE4EFA00CB6099 /* Debug */ = {
			isa = XCBuildConfiguration;
			buildSettings = {
				ALWAYS_EMBED_SWIFT_STANDARD_LIBRARIES = YES;
				CODE_SIGN_STYLE = Automatic;
				CURRENT_PROJECT_VERSION = 1;
				GENERATE_INFOPLIST_FILE = YES;
				MARKETING_VERSION = 1.0;
				PRODUCT_BUNDLE_IDENTIFIER = "com.gamzeakyuz.QR-Code-ScannerUITests";
				PRODUCT_NAME = "$(TARGET_NAME)";
				SWIFT_EMIT_LOC_STRINGS = NO;
				SWIFT_VERSION = 5.0;
				TARGETED_DEVICE_FAMILY = "1,2";
				TEST_TARGET_NAME = "QR Code Scanner";
			};
			name = Debug;
		};
		8FD2DC002BAE4EFA00CB6099 /* Release */ = {
			isa = XCBuildConfiguration;
			buildSettings = {
				ALWAYS_EMBED_SWIFT_STANDARD_LIBRARIES = YES;
				CODE_SIGN_STYLE = Automatic;
				CURRENT_PROJECT_VERSION = 1;
				GENERATE_INFOPLIST_FILE = YES;
				MARKETING_VERSION = 1.0;
				PRODUCT_BUNDLE_IDENTIFIER = "com.gamzeakyuz.QR-Code-ScannerUITests";
				PRODUCT_NAME = "$(TARGET_NAME)";
				SWIFT_EMIT_LOC_STRINGS = NO;
				SWIFT_VERSION = 5.0;
				TARGETED_DEVICE_FAMILY = "1,2";
				TEST_TARGET_NAME = "QR Code Scanner";
			};
			name = Release;
		};
/* End XCBuildConfiguration section */

/* Begin XCConfigurationList section */
		8FD2DBC92BAE4EF700CB6099 /* Build configuration list for PBXProject "QR Code Scanner" */ = {
			isa = XCConfigurationList;
			buildConfigurations = (
				8FD2DBF62BAE4EFA00CB6099 /* Debug */,
				8FD2DBF72BAE4EFA00CB6099 /* Release */,
			);
			defaultConfigurationIsVisible = 0;
			defaultConfigurationName = Release;
		};
		8FD2DBF82BAE4EFA00CB6099 /* Build configuration list for PBXNativeTarget "QR Code Scanner" */ = {
			isa = XCConfigurationList;
			buildConfigurations = (
				8FD2DBF92BAE4EFA00CB6099 /* Debug */,
				8FD2DBFA2BAE4EFA00CB6099 /* Release */,
			);
			defaultConfigurationIsVisible = 0;
			defaultConfigurationName = Release;
		};
		8FD2DBFB2BAE4EFA00CB6099 /* Build configuration list for PBXNativeTarget "QR Code ScannerTests" */ = {
			isa = XCConfigurationList;
			buildConfigurations = (
				8FD2DBFC2BAE4EFA00CB6099 /* Debug */,
				8FD2DBFD2BAE4EFA00CB6099 /* Release */,
			);
			defaultConfigurationIsVisible = 0;
			defaultConfigurationName = Release;
		};
		8FD2DBFE2BAE4EFA00CB6099 /* Build configuration list for PBXNativeTarget "QR Code ScannerUITests" */ = {
			isa = XCConfigurationList;
			buildConfigurations = (
				8FD2DBFF2BAE4EFA00CB6099 /* Debug */,
				8FD2DC002BAE4EFA00CB6099 /* Release */,
			);
			defaultConfigurationIsVisible = 0;
			defaultConfigurationName = Release;
		};
/* End XCConfigurationList section */
	};
	rootObject = 8FD2DBC62BAE4EF700CB6099 /* Project object */;
}
